
Microsoft Visual Studio Solution File, Format Version 12.00
# Visual Studio Version 17
VisualStudioVersion = 17.5.002.0
MinimumVisualStudioVersion = 10.0.40219.1
Project("{9A19103F-16F7-4668-BE54-9A1E7A4F7556}") = "lopHCN", "lopHCN.csproj", "{9BADA15E-CA37-4569-AC97-5D8526DA5729}"
EndProject
Global
	GlobalSection(SolutionConfigurationPlatforms) = preSolution
		Debug|Any CPU = Debug|Any CPU
		Release|Any CPU = Release|Any CPU
	EndGlobalSection
	GlobalSection(ProjectConfigurationPlatforms) = postSolution
		{9BADA15E-CA37-4569-AC97-5D8526DA5729}.Debug|Any CPU.ActiveCfg = Debug|Any CPU
		{9BADA15E-CA37-4569-AC97-5D8526DA5729}.Debug|Any CPU.Build.0 = Debug|Any CPU
		{9BADA15E-CA37-4569-AC97-5D8526DA5729}.Release|Any CPU.ActiveCfg = Release|Any CPU
		{9BADA15E-CA37-4569-AC97-5D8526DA5729}.Release|Any CPU.Build.0 = Release|Any CPU
	EndGlobalSection
	GlobalSection(SolutionProperties) = preSolution
		HideSolutionNode = FALSE
	EndGlobalSection
	GlobalSection(ExtensibilityGlobals) = postSolution
		SolutionGuid = {7B606022-B47D-4918-A47C-232EB71EA174}
	EndGlobalSection
EndGlobal
